
Microsoft Visual Studio Solution File, Format Version 12.00
# Visual Studio Version 17
VisualStudioVersion = 17.0.31903.59
MinimumVisualStudioVersion = 10.0.40219.1
Project("{FAE04EC0-301F-11D3-BF4B-00C04F79EFBC}") = "PetFamily.Domain", "src\PetFamily.Domain\PetFamily.Domain.csproj", "{479A1AFA-B9A2-4406-8D30-6E7BA9D1F4D6}"
EndProject
Project("{FAE04EC0-301F-11D3-BF4B-00C04F79EFBC}") = "PetFamily.Application", "src\PetFamily.Application\PetFamily.Application.csproj", "{B06491FF-B0A3-4D3F-8C89-90EDCA8ABCD3}"
EndProject
Project("{2150E333-8FDC-42A3-9474-1A3956D46DE8}") = "Solution Items", "Solution Items", "{5D783206-9E0B-4D54-941D-C3E48B3FC3D7}"
	ProjectSection(SolutionItems) = preProject
		docker-compose.yml = docker-compose.yml
	EndProjectSection
EndProject
Project("{FAE04EC0-301F-11D3-BF4B-00C04F79EFBC}") = "PetFamily.API", "src\PetFamily.API\PetFamily.API.csproj", "{A9AB030F-C5CD-48FC-BA85-A458BABD2B81}"
EndProject
Project("{FAE04EC0-301F-11D3-BF4B-00C04F79EFBC}") = "PetFamily.Infrastructure", "src\PetFamily.Infrastructure\PetFamily.Infrastructure.csproj", "{757AEB52-8C2C-49C2-9232-74578C93E97F}"
EndProject
Project("{2150E333-8FDC-42A3-9474-1A3956D46DE8}") = "src", "src", "{4A7F17CF-B482-4BC5-A6C0-2EE5D0A92E64}"
EndProject
Project("{2150E333-8FDC-42A3-9474-1A3956D46DE8}") = "tests", "tests", "{472E1272-C578-4F30-8398-E3D25C584D4B}"
EndProject
Project("{FAE04EC0-301F-11D3-BF4B-00C04F79EFBC}") = "PetFamily.Domain.UnitTests", "PetFamily.Domain.UnitTests\PetFamily.Domain.UnitTests.csproj", "{F3A9CC06-7CDF-4A9B-A757-7BCE40761DBD}"
EndProject
Project("{FAE04EC0-301F-11D3-BF4B-00C04F79EFBC}") = "PetFamily.Application.IntegrationTests", "PetFamily.Application.IntegrationTests\PetFamily.Application.IntegrationTests.csproj", "{51F93E3C-B188-4AF0-9151-C9047EED9B40}"
EndProject
Global
	GlobalSection(SolutionConfigurationPlatforms) = preSolution
		Debug|Any CPU = Debug|Any CPU
		Release|Any CPU = Release|Any CPU
	EndGlobalSection
	GlobalSection(SolutionProperties) = preSolution
		HideSolutionNode = FALSE
	EndGlobalSection
	GlobalSection(ProjectConfigurationPlatforms) = postSolution
		{479A1AFA-B9A2-4406-8D30-6E7BA9D1F4D6}.Debug|Any CPU.ActiveCfg = Debug|Any CPU
		{479A1AFA-B9A2-4406-8D30-6E7BA9D1F4D6}.Debug|Any CPU.Build.0 = Debug|Any CPU
		{479A1AFA-B9A2-4406-8D30-6E7BA9D1F4D6}.Release|Any CPU.ActiveCfg = Release|Any CPU
		{479A1AFA-B9A2-4406-8D30-6E7BA9D1F4D6}.Release|Any CPU.Build.0 = Release|Any CPU
		{B06491FF-B0A3-4D3F-8C89-90EDCA8ABCD3}.Debug|Any CPU.ActiveCfg = Debug|Any CPU
		{B06491FF-B0A3-4D3F-8C89-90EDCA8ABCD3}.Debug|Any CPU.Build.0 = Debug|Any CPU
		{B06491FF-B0A3-4D3F-8C89-90EDCA8ABCD3}.Release|Any CPU.ActiveCfg = Release|Any CPU
		{B06491FF-B0A3-4D3F-8C89-90EDCA8ABCD3}.Release|Any CPU.Build.0 = Release|Any CPU
		{A9AB030F-C5CD-48FC-BA85-A458BABD2B81}.Debug|Any CPU.ActiveCfg = Debug|Any CPU
		{A9AB030F-C5CD-48FC-BA85-A458BABD2B81}.Debug|Any CPU.Build.0 = Debug|Any CPU
		{A9AB030F-C5CD-48FC-BA85-A458BABD2B81}.Release|Any CPU.ActiveCfg = Release|Any CPU
		{A9AB030F-C5CD-48FC-BA85-A458BABD2B81}.Release|Any CPU.Build.0 = Release|Any CPU
		{757AEB52-8C2C-49C2-9232-74578C93E97F}.Debug|Any CPU.ActiveCfg = Debug|Any CPU
		{757AEB52-8C2C-49C2-9232-74578C93E97F}.Debug|Any CPU.Build.0 = Debug|Any CPU
		{757AEB52-8C2C-49C2-9232-74578C93E97F}.Release|Any CPU.ActiveCfg = Release|Any CPU
		{757AEB52-8C2C-49C2-9232-74578C93E97F}.Release|Any CPU.Build.0 = Release|Any CPU
		{F3A9CC06-7CDF-4A9B-A757-7BCE40761DBD}.Debug|Any CPU.ActiveCfg = Debug|Any CPU
		{F3A9CC06-7CDF-4A9B-A757-7BCE40761DBD}.Debug|Any CPU.Build.0 = Debug|Any CPU
		{F3A9CC06-7CDF-4A9B-A757-7BCE40761DBD}.Release|Any CPU.ActiveCfg = Release|Any CPU
		{F3A9CC06-7CDF-4A9B-A757-7BCE40761DBD}.Release|Any CPU.Build.0 = Release|Any CPU
		{51F93E3C-B188-4AF0-9151-C9047EED9B40}.Debug|Any CPU.ActiveCfg = Debug|Any CPU
		{51F93E3C-B188-4AF0-9151-C9047EED9B40}.Debug|Any CPU.Build.0 = Debug|Any CPU
		{51F93E3C-B188-4AF0-9151-C9047EED9B40}.Release|Any CPU.ActiveCfg = Release|Any CPU
		{51F93E3C-B188-4AF0-9151-C9047EED9B40}.Release|Any CPU.Build.0 = Release|Any CPU
	EndGlobalSection
	GlobalSection(NestedProjects) = preSolution
		{A9AB030F-C5CD-48FC-BA85-A458BABD2B81} = {4A7F17CF-B482-4BC5-A6C0-2EE5D0A92E64}
		{B06491FF-B0A3-4D3F-8C89-90EDCA8ABCD3} = {4A7F17CF-B482-4BC5-A6C0-2EE5D0A92E64}
		{479A1AFA-B9A2-4406-8D30-6E7BA9D1F4D6} = {4A7F17CF-B482-4BC5-A6C0-2EE5D0A92E64}
		{757AEB52-8C2C-49C2-9232-74578C93E97F} = {4A7F17CF-B482-4BC5-A6C0-2EE5D0A92E64}
		{F3A9CC06-7CDF-4A9B-A757-7BCE40761DBD} = {472E1272-C578-4F30-8398-E3D25C584D4B}
		{51F93E3C-B188-4AF0-9151-C9047EED9B40} = {472E1272-C578-4F30-8398-E3D25C584D4B}
	EndGlobalSection
EndGlobal
